
Microsoft Visual Studio Solution File, Format Version 12.00
# Visual Studio 15
VisualStudioVersion = 15.0.28307.960
MinimumVisualStudioVersion = 10.0.40219.1
Project("{FAE04EC0-301F-11D3-BF4B-00C04F79EFBC}") = "SpeechTest2", "SpeechTest2\SpeechTest2.csproj", "{671BC2CD-0945-4355-9219-08CDA1B8FE95}"
EndProject
Global
	GlobalSection(SolutionConfigurationPlatforms) = preSolution
		Debug|Any CPU = Debug|Any CPU
		Release|Any CPU = Release|Any CPU
	EndGlobalSection
	GlobalSection(ProjectConfigurationPlatforms) = postSolution
		{671BC2CD-0945-4355-9219-08CDA1B8FE95}.Debug|Any CPU.ActiveCfg = Debug|Any CPU
		{671BC2CD-0945-4355-9219-08CDA1B8FE95}.Debug|Any CPU.Build.0 = Debug|Any CPU
		{671BC2CD-0945-4355-9219-08CDA1B8FE95}.Release|Any CPU.ActiveCfg = Release|Any CPU
		{671BC2CD-0945-4355-9219-08CDA1B8FE95}.Release|Any CPU.Build.0 = Release|Any CPU
	EndGlobalSection
	GlobalSection(SolutionProperties) = preSolution
		HideSolutionNode = FALSE
	EndGlobalSection
	GlobalSection(ExtensibilityGlobals) = postSolution
		SolutionGuid = {72F45D5B-452C-40FA-BC79-191F8292FBB1}
	EndGlobalSection
EndGlobal
